
Microsoft Visual Studio Solution File, Format Version 12.00
# Visual Studio Version 16
VisualStudioVersion = 16.0.30711.63
MinimumVisualStudioVersion = 10.0.40219.1
Project("{FAE04EC0-301F-11D3-BF4B-00C04F79EFBC}") = "WPFSpectrum", "WPFSpectrum\WPFSpectrum.csproj", "{48B03F1F-EDA2-4BFD-B281-88907E687F66}"
EndProject
Project("{FAE04EC0-301F-11D3-BF4B-00C04F79EFBC}") = "WPFControls", "WPFControls\WPFControls.csproj", "{906F25BD-F527-490F-ABC6-9C66D9BE2F19}"
EndProject
Project("{FAE04EC0-301F-11D3-BF4B-00C04F79EFBC}") = "WPFNaudioLib", "WPFNaudioLib\WPFNaudioLib.csproj", "{F7F4C088-CF14-4911-991C-6EE27C27374D}"
EndProject
Global
	GlobalSection(SolutionConfigurationPlatforms) = preSolution
		Debug|Any CPU = Debug|Any CPU
		Release|Any CPU = Release|Any CPU
	EndGlobalSection
	GlobalSection(ProjectConfigurationPlatforms) = postSolution
		{48B03F1F-EDA2-4BFD-B281-88907E687F66}.Debug|Any CPU.ActiveCfg = Debug|Any CPU
		{48B03F1F-EDA2-4BFD-B281-88907E687F66}.Debug|Any CPU.Build.0 = Debug|Any CPU
		{48B03F1F-EDA2-4BFD-B281-88907E687F66}.Release|Any CPU.ActiveCfg = Release|Any CPU
		{48B03F1F-EDA2-4BFD-B281-88907E687F66}.Release|Any CPU.Build.0 = Release|Any CPU
		{906F25BD-F527-490F-ABC6-9C66D9BE2F19}.Debug|Any CPU.ActiveCfg = Debug|Any CPU
		{906F25BD-F527-490F-ABC6-9C66D9BE2F19}.Debug|Any CPU.Build.0 = Debug|Any CPU
		{906F25BD-F527-490F-ABC6-9C66D9BE2F19}.Release|Any CPU.ActiveCfg = Release|Any CPU
		{906F25BD-F527-490F-ABC6-9C66D9BE2F19}.Release|Any CPU.Build.0 = Release|Any CPU
		{F7F4C088-CF14-4911-991C-6EE27C27374D}.Debug|Any CPU.ActiveCfg = Debug|Any CPU
		{F7F4C088-CF14-4911-991C-6EE27C27374D}.Debug|Any CPU.Build.0 = Debug|Any CPU
		{F7F4C088-CF14-4911-991C-6EE27C27374D}.Release|Any CPU.ActiveCfg = Release|Any CPU
		{F7F4C088-CF14-4911-991C-6EE27C27374D}.Release|Any CPU.Build.0 = Release|Any CPU
	EndGlobalSection
	GlobalSection(SolutionProperties) = preSolution
		HideSolutionNode = FALSE
	EndGlobalSection
	GlobalSection(ExtensibilityGlobals) = postSolution
		SolutionGuid = {63C00F81-0A8E-460F-9727-09EB6D0F4048}
	EndGlobalSection
EndGlobal
